// !$*UTF8*$!
{
	archiveVersion = 1;
	classes = {
	};
	objectVersion = 48;
	objects = {

/* Begin PBXBuildFile section */
		A1FA57B1AA517FE923914592 /* libPods-SkyerProject.a in Frameworks */ = {isa = PBXBuildFile; fileRef = B915E7FDB62851FC905732BF /* libPods-SkyerProject.a */; };
		B63571831FE8B77700F26023 /* SkToast.m in Sources */ = {isa = PBXBuildFile; fileRef = B63571801FE8B77700F26023 /* SkToast.m */; };
		B63571841FE8B77700F26023 /* SkyerHUD.m in Sources */ = {isa = PBXBuildFile; fileRef = B63571821FE8B77700F26023 /* SkyerHUD.m */; };
		B635718C1FE8C27200F26023 /* NSString+skStrWidth.m in Sources */ = {isa = PBXBuildFile; fileRef = B63571871FE8C27200F26023 /* NSString+skStrWidth.m */; };
		B635718D1FE8C27200F26023 /* skClassMethod.m in Sources */ = {isa = PBXBuildFile; fileRef = B63571891FE8C27200F26023 /* skClassMethod.m */; };
		B635718E1FE8C27200F26023 /* UIView+skBoard.m in Sources */ = {isa = PBXBuildFile; fileRef = B635718B1FE8C27200F26023 /* UIView+skBoard.m */; };
		B63571901FE8C2CD00F26023 /* UIKit.framework in Frameworks */ = {isa = PBXBuildFile; fileRef = B635718F1FE8C2CD00F26023 /* UIKit.framework */; };
		B635719C1FE8C4AB00F26023 /* SkScollPageView.m in Sources */ = {isa = PBXBuildFile; fileRef = B635719B1FE8C4AB00F26023 /* SkScollPageView.m */; };
		B65D2D0D1FB2A52E002F6459 /* AppDelegate.m in Sources */ = {isa = PBXBuildFile; fileRef = B65D2D0C1FB2A52E002F6459 /* AppDelegate.m */; };
		B65D2D101FB2A52F002F6459 /* ViewController.m in Sources */ = {isa = PBXBuildFile; fileRef = B65D2D0F1FB2A52F002F6459 /* ViewController.m */; };
		B65D2D131FB2A52F002F6459 /* Main.storyboard in Resources */ = {isa = PBXBuildFile; fileRef = B65D2D111FB2A52F002F6459 /* Main.storyboard */; };
		B65D2D151FB2A52F002F6459 /* Assets.xcassets in Resources */ = {isa = PBXBuildFile; fileRef = B65D2D141FB2A52F002F6459 /* Assets.xcassets */; };
		B65D2D181FB2A52F002F6459 /* LaunchScreen.storyboard in Resources */ = {isa = PBXBuildFile; fileRef = B65D2D161FB2A52F002F6459 /* LaunchScreen.storyboard */; };
		B65D2D1B1FB2A52F002F6459 /* main.m in Sources */ = {isa = PBXBuildFile; fileRef = B65D2D1A1FB2A52F002F6459 /* main.m */; };
		B66CBE281FB3EC78003ACC99 /* dataTool.m in Sources */ = {isa = PBXBuildFile; fileRef = B66CBE0F1FB3EC78003ACC99 /* dataTool.m */; };
		B66CBE291FB3EC78003ACC99 /* NSObject+UserData.m in Sources */ = {isa = PBXBuildFile; fileRef = B66CBE121FB3EC78003ACC99 /* NSObject+UserData.m */; };
		B66CBE2B1FB3EC78003ACC99 /* UIButton+ClickBlock.m in Sources */ = {isa = PBXBuildFile; fileRef = B66CBE191FB3EC78003ACC99 /* UIButton+ClickBlock.m */; };
		B66CBE2C1FB3EC78003ACC99 /* SkDataOperation.m in Sources */ = {isa = PBXBuildFile; fileRef = B66CBE1E1FB3EC78003ACC99 /* SkDataOperation.m */; };
		B66CBE2E1FB3EC78003ACC99 /* SkyerGetVisibleViewController.m in Sources */ = {isa = PBXBuildFile; fileRef = B66CBE241FB3EC78003ACC99 /* SkyerGetVisibleViewController.m */; };
		B66CBE2F1FB3EC78003ACC99 /* VoiceTool.m in Sources */ = {isa = PBXBuildFile; fileRef = B66CBE271FB3EC78003ACC99 /* VoiceTool.m */; };
/* End PBXBuildFile section */

/* Begin PBXFileReference section */
		7FE3DAB076923D3C6412195E /* Pods-SkyerProject.release.xcconfig */ = {isa = PBXFileReference; includeInIndex = 1; lastKnownFileType = text.xcconfig; name = "Pods-SkyerProject.release.xcconfig"; path = "Pods/Target Support Files/Pods-SkyerProject/Pods-SkyerProject.release.xcconfig"; sourceTree = "<group>"; };
		B07C3397670D92F3545B45F5 /* Pods-SkyerProject.debug.xcconfig */ = {isa = PBXFileReference; includeInIndex = 1; lastKnownFileType = text.xcconfig; name = "Pods-SkyerProject.debug.xcconfig"; path = "Pods/Target Support Files/Pods-SkyerProject/Pods-SkyerProject.debug.xcconfig"; sourceTree = "<group>"; };
		B635717F1FE8B77700F26023 /* SkToast.h */ = {isa = PBXFileReference; fileEncoding = 4; lastKnownFileType = sourcecode.c.h; path = SkToast.h; sourceTree = "<group>"; };
		B63571801FE8B77700F26023 /* SkToast.m */ = {isa = PBXFileReference; fileEncoding = 4; lastKnownFileType = sourcecode.c.objc; path = SkToast.m; sourceTree = "<group>"; };
		B63571811FE8B77700F26023 /* SkyerHUD.h */ = {isa = PBXFileReference; fileEncoding = 4; lastKnownFileType = sourcecode.c.h; path = SkyerHUD.h; sourceTree = "<group>"; };
		B63571821FE8B77700F26023 /* SkyerHUD.m */ = {isa = PBXFileReference; fileEncoding = 4; lastKnownFileType = sourcecode.c.objc; path = SkyerHUD.m; sourceTree = "<group>"; };
		B63571861FE8C27200F26023 /* NSString+skStrWidth.h */ = {isa = PBXFileReference; fileEncoding = 4; lastKnownFileType = sourcecode.c.h; path = "NSString+skStrWidth.h"; sourceTree = "<group>"; };
		B63571871FE8C27200F26023 /* NSString+skStrWidth.m */ = {isa = PBXFileReference; fileEncoding = 4; lastKnownFileType = sourcecode.c.objc; path = "NSString+skStrWidth.m"; sourceTree = "<group>"; };
		B63571881FE8C27200F26023 /* skClassMethod.h */ = {isa = PBXFileReference; fileEncoding = 4; lastKnownFileType = sourcecode.c.h; path = skClassMethod.h; sourceTree = "<group>"; };
		B63571891FE8C27200F26023 /* skClassMethod.m */ = {isa = PBXFileReference; fileEncoding = 4; lastKnownFileType = sourcecode.c.objc; path = skClassMethod.m; sourceTree = "<group>"; };
		B635718A1FE8C27200F26023 /* UIView+skBoard.h */ = {isa = PBXFileReference; fileEncoding = 4; lastKnownFileType = sourcecode.c.h; path = "UIView+skBoard.h"; sourceTree = "<group>"; };
		B635718B1FE8C27200F26023 /* UIView+skBoard.m */ = {isa = PBXFileReference; fileEncoding = 4; lastKnownFileType = sourcecode.c.objc; path = "UIView+skBoard.m"; sourceTree = "<group>"; };
		B635718F1FE8C2CD00F26023 /* UIKit.framework */ = {isa = PBXFileReference; lastKnownFileType = wrapper.framework; name = UIKit.framework; path = System/Library/Frameworks/UIKit.framework; sourceTree = SDKROOT; };
		B63571911FE8C37F00F26023 /* CategoryImport.h */ = {isa = PBXFileReference; lastKnownFileType = sourcecode.c.h; path = CategoryImport.h; sourceTree = "<group>"; };
		B635719A1FE8C4AB00F26023 /* SkScollPageView.h */ = {isa = PBXFileReference; fileEncoding = 4; lastKnownFileType = sourcecode.c.h; path = SkScollPageView.h; sourceTree = "<group>"; };
		B635719B1FE8C4AB00F26023 /* SkScollPageView.m */ = {isa = PBXFileReference; fileEncoding = 4; lastKnownFileType = sourcecode.c.objc; path = SkScollPageView.m; sourceTree = "<group>"; };
		B65D2D081FB2A52E002F6459 /* SkyerProject.app */ = {isa = PBXFileReference; explicitFileType = wrapper.application; includeInIndex = 0; path = SkyerProject.app; sourceTree = BUILT_PRODUCTS_DIR; };
		B65D2D0B1FB2A52E002F6459 /* AppDelegate.h */ = {isa = PBXFileReference; lastKnownFileType = sourcecode.c.h; path = AppDelegate.h; sourceTree = "<group>"; };
		B65D2D0C1FB2A52E002F6459 /* AppDelegate.m */ = {isa = PBXFileReference; lastKnownFileType = sourcecode.c.objc; path = AppDelegate.m; sourceTree = "<group>"; };
		B65D2D0E1FB2A52E002F6459 /* ViewController.h */ = {isa = PBXFileReference; lastKnownFileType = sourcecode.c.h; path = ViewController.h; sourceTree = "<group>"; };
		B65D2D0F1FB2A52F002F6459 /* ViewController.m */ = {isa = PBXFileReference; lastKnownFileType = sourcecode.c.objc; path = ViewController.m; sourceTree = "<group>"; };
		B65D2D121FB2A52F002F6459 /* Base */ = {isa = PBXFileReference; lastKnownFileType = file.storyboard; name = Base; path = Base.lproj/Main.storyboard; sourceTree = "<group>"; };
		B65D2D141FB2A52F002F6459 /* Assets.xcassets */ = {isa = PBXFileReference; lastKnownFileType = folder.assetcatalog; path = Assets.xcassets; sourceTree = "<group>"; };
		B65D2D171FB2A52F002F6459 /* Base */ = {isa = PBXFileReference; lastKnownFileType = file.storyboard; name = Base; path = Base.lproj/LaunchScreen.storyboard; sourceTree = "<group>"; };
		B65D2D191FB2A52F002F6459 /* Info.plist */ = {isa = PBXFileReference; lastKnownFileType = text.plist.xml; path = Info.plist; sourceTree = "<group>"; };
		B65D2D1A1FB2A52F002F6459 /* main.m */ = {isa = PBXFileReference; lastKnownFileType = sourcecode.c.objc; path = main.m; sourceTree = "<group>"; };
		B66CBE0E1FB3EC78003ACC99 /* dataTool.h */ = {isa = PBXFileReference; fileEncoding = 4; lastKnownFileType = sourcecode.c.h; path = dataTool.h; sourceTree = "<group>"; };
		B66CBE0F1FB3EC78003ACC99 /* dataTool.m */ = {isa = PBXFileReference; fileEncoding = 4; lastKnownFileType = sourcecode.c.objc; path = dataTool.m; sourceTree = "<group>"; };
		B66CBE111FB3EC78003ACC99 /* NSObject+UserData.h */ = {isa = PBXFileReference; fileEncoding = 4; lastKnownFileType = sourcecode.c.h; path = "NSObject+UserData.h"; sourceTree = "<group>"; };
		B66CBE121FB3EC78003ACC99 /* NSObject+UserData.m */ = {isa = PBXFileReference; fileEncoding = 4; lastKnownFileType = sourcecode.c.objc; path = "NSObject+UserData.m"; sourceTree = "<group>"; };
		B66CBE141FB3EC78003ACC99 /* SkyerSingleton.h */ = {isa = PBXFileReference; fileEncoding = 4; lastKnownFileType = sourcecode.c.h; path = SkyerSingleton.h; sourceTree = "<group>"; };
		B66CBE181FB3EC78003ACC99 /* UIButton+ClickBlock.h */ = {isa = PBXFileReference; fileEncoding = 4; lastKnownFileType = sourcecode.c.h; path = "UIButton+ClickBlock.h"; sourceTree = "<group>"; };
		B66CBE191FB3EC78003ACC99 /* UIButton+ClickBlock.m */ = {isa = PBXFileReference; fileEncoding = 4; lastKnownFileType = sourcecode.c.objc; path = "UIButton+ClickBlock.m"; sourceTree = "<group>"; };
		B66CBE1B1FB3EC78003ACC99 /* SkyerMacro.h */ = {isa = PBXFileReference; fileEncoding = 4; lastKnownFileType = sourcecode.c.h; path = SkyerMacro.h; sourceTree = "<group>"; };
		B66CBE1D1FB3EC78003ACC99 /* SkDataOperation.h */ = {isa = PBXFileReference; fileEncoding = 4; lastKnownFileType = sourcecode.c.h; path = SkDataOperation.h; sourceTree = "<group>"; };
		B66CBE1E1FB3EC78003ACC99 /* SkDataOperation.m */ = {isa = PBXFileReference; fileEncoding = 4; lastKnownFileType = sourcecode.c.objc; path = SkDataOperation.m; sourceTree = "<group>"; };
		B66CBE231FB3EC78003ACC99 /* SkyerGetVisibleViewController.h */ = {isa = PBXFileReference; fileEncoding = 4; lastKnownFileType = sourcecode.c.h; path = SkyerGetVisibleViewController.h; sourceTree = "<group>"; };
		B66CBE241FB3EC78003ACC99 /* SkyerGetVisibleViewController.m */ = {isa = PBXFileReference; fileEncoding = 4; lastKnownFileType = sourcecode.c.objc; path = SkyerGetVisibleViewController.m; sourceTree = "<group>"; };
		B66CBE261FB3EC78003ACC99 /* VoiceTool.h */ = {isa = PBXFileReference; fileEncoding = 4; lastKnownFileType = sourcecode.c.h; path = VoiceTool.h; sourceTree = "<group>"; };
		B66CBE271FB3EC78003ACC99 /* VoiceTool.m */ = {isa = PBXFileReference; fileEncoding = 4; lastKnownFileType = sourcecode.c.objc; path = VoiceTool.m; sourceTree = "<group>"; };
		B66CBE511FB3ECA5003ACC99 /* SkyerTools.h */ = {isa = PBXFileReference; lastKnownFileType = sourcecode.c.h; path = SkyerTools.h; sourceTree = "<group>"; };
		B66CBE551FB3F2DB003ACC99 /* AVFoundation.framework */ = {isa = PBXFileReference; lastKnownFileType = wrapper.framework; name = AVFoundation.framework; path = System/Library/Frameworks/AVFoundation.framework; sourceTree = SDKROOT; };
		B915E7FDB62851FC905732BF /* libPods-SkyerProject.a */ = {isa = PBXFileReference; explicitFileType = archive.ar; includeInIndex = 0; path = "libPods-SkyerProject.a"; sourceTree = BUILT_PRODUCTS_DIR; };
/* End PBXFileReference section */

/* Begin PBXFrameworksBuildPhase section */
		B65D2D051FB2A52E002F6459 /* Frameworks */ = {
			isa = PBXFrameworksBuildPhase;
			buildActionMask = 2147483647;
			files = (
				B63571901FE8C2CD00F26023 /* UIKit.framework in Frameworks */,
				A1FA57B1AA517FE923914592 /* libPods-SkyerProject.a in Frameworks */,
			);
			runOnlyForDeploymentPostprocessing = 0;
		};
/* End PBXFrameworksBuildPhase section */

/* Begin PBXGroup section */
		B635717E1FE8B77700F26023 /* SKHUD */ = {
			isa = PBXGroup;
			children = (
				B635717F1FE8B77700F26023 /* SkToast.h */,
				B63571801FE8B77700F26023 /* SkToast.m */,
				B63571811FE8B77700F26023 /* SkyerHUD.h */,
				B63571821FE8B77700F26023 /* SkyerHUD.m */,
			);
			path = SKHUD;
			sourceTree = "<group>";
		};
		B63571851FE8C27200F26023 /* Category */ = {
			isa = PBXGroup;
			children = (
				B63571911FE8C37F00F26023 /* CategoryImport.h */,
				B66CBE181FB3EC78003ACC99 /* UIButton+ClickBlock.h */,
				B66CBE191FB3EC78003ACC99 /* UIButton+ClickBlock.m */,
				B63571861FE8C27200F26023 /* NSString+skStrWidth.h */,
				B63571871FE8C27200F26023 /* NSString+skStrWidth.m */,
				B66CBE111FB3EC78003ACC99 /* NSObject+UserData.h */,
				B66CBE121FB3EC78003ACC99 /* NSObject+UserData.m */,
				B635718A1FE8C27200F26023 /* UIView+skBoard.h */,
				B635718B1FE8C27200F26023 /* UIView+skBoard.m */,
			);
			path = Category;
			sourceTree = "<group>";
		};
		B63571941FE8C43700F26023 /* 类方法集合 */ = {
			isa = PBXGroup;
			children = (
				B63571881FE8C27200F26023 /* skClassMethod.h */,
				B63571891FE8C27200F26023 /* skClassMethod.m */,
			);
			path = "类方法集合";
			sourceTree = "<group>";
		};
		B63571991FE8C4AB00F26023 /* 分页菜单 */ = {
			isa = PBXGroup;
			children = (
				B635719A1FE8C4AB00F26023 /* SkScollPageView.h */,
				B635719B1FE8C4AB00F26023 /* SkScollPageView.m */,
			);
			path = "分页菜单";
			sourceTree = "<group>";
		};
		B65D2CFF1FB2A52E002F6459 = {
			isa = PBXGroup;
			children = (
				B65D2D0A1FB2A52E002F6459 /* SkyerProject */,
				B65D2D091FB2A52E002F6459 /* Products */,
				B66CBE541FB3F2DB003ACC99 /* Frameworks */,
				F37808E267BB8AC9645B974F /* Pods */,
			);
			sourceTree = "<group>";
		};
		B65D2D091FB2A52E002F6459 /* Products */ = {
			isa = PBXGroup;
			children = (
				B65D2D081FB2A52E002F6459 /* SkyerProject.app */,
			);
			name = Products;
			sourceTree = "<group>";
		};
		B65D2D0A1FB2A52E002F6459 /* SkyerProject */ = {
			isa = PBXGroup;
			children = (
				B66CBE0C1FB3EC78003ACC99 /* SkyerTools */,
				B65D2D0B1FB2A52E002F6459 /* AppDelegate.h */,
				B65D2D0C1FB2A52E002F6459 /* AppDelegate.m */,
				B65D2D0E1FB2A52E002F6459 /* ViewController.h */,
				B65D2D0F1FB2A52F002F6459 /* ViewController.m */,
				B65D2D111FB2A52F002F6459 /* Main.storyboard */,
				B65D2D141FB2A52F002F6459 /* Assets.xcassets */,
				B65D2D161FB2A52F002F6459 /* LaunchScreen.storyboard */,
				B65D2D191FB2A52F002F6459 /* Info.plist */,
				B65D2D1A1FB2A52F002F6459 /* main.m */,
			);
			path = SkyerProject;
			sourceTree = "<group>";
		};
		B66CBE0C1FB3EC78003ACC99 /* SkyerTools */ = {
			isa = PBXGroup;
			children = (
				B66CBE511FB3ECA5003ACC99 /* SkyerTools.h */,
				B63571991FE8C4AB00F26023 /* 分页菜单 */,
				B63571941FE8C43700F26023 /* 类方法集合 */,
				B63571851FE8C27200F26023 /* Category */,
				B635717E1FE8B77700F26023 /* SKHUD */,
				B66CBE0D1FB3EC78003ACC99 /* 数据协议工具 */,
				B66CBE131FB3EC78003ACC99 /* 单例的宏 */,
				B66CBE1A1FB3EC78003ACC99 /* 常用的宏 */,
				B66CBE1C1FB3EC78003ACC99 /* 数据缓存类 */,
				B66CBE221FB3EC78003ACC99 /* 获取当前页 */,
				B66CBE251FB3EC78003ACC99 /* 音频播放工具 */,
			);
			path = SkyerTools;
			sourceTree = "<group>";
		};
		B66CBE0D1FB3EC78003ACC99 /* 数据协议工具 */ = {
			isa = PBXGroup;
			children = (
				B66CBE0E1FB3EC78003ACC99 /* dataTool.h */,
				B66CBE0F1FB3EC78003ACC99 /* dataTool.m */,
			);
			path = "数据协议工具";
			sourceTree = "<group>";
		};
		B66CBE131FB3EC78003ACC99 /* 单例的宏 */ = {
			isa = PBXGroup;
			children = (
				B66CBE141FB3EC78003ACC99 /* SkyerSingleton.h */,
			);
			path = "单例的宏";
			sourceTree = "<group>";
		};
		B66CBE1A1FB3EC78003ACC99 /* 常用的宏 */ = {
			isa = PBXGroup;
			children = (
				B66CBE1B1FB3EC78003ACC99 /* SkyerMacro.h */,
			);
			path = "常用的宏";
			sourceTree = "<group>";
		};
		B66CBE1C1FB3EC78003ACC99 /* 数据缓存类 */ = {
			isa = PBXGroup;
			children = (
				B66CBE1D1FB3EC78003ACC99 /* SkDataOperation.h */,
				B66CBE1E1FB3EC78003ACC99 /* SkDataOperation.m */,
			);
			path = "数据缓存类";
			sourceTree = "<group>";
		};
		B66CBE221FB3EC78003ACC99 /* 获取当前页 */ = {
			isa = PBXGroup;
			children = (
				B66CBE231FB3EC78003ACC99 /* SkyerGetVisibleViewController.h */,
				B66CBE241FB3EC78003ACC99 /* SkyerGetVisibleViewController.m */,
			);
			path = "获取当前页";
			sourceTree = "<group>";
		};
		B66CBE251FB3EC78003ACC99 /* 音频播放工具 */ = {
			isa = PBXGroup;
			children = (
				B66CBE261FB3EC78003ACC99 /* VoiceTool.h */,
				B66CBE271FB3EC78003ACC99 /* VoiceTool.m */,
			);
			path = "音频播放工具";
			sourceTree = "<group>";
		};
		B66CBE541FB3F2DB003ACC99 /* Frameworks */ = {
			isa = PBXGroup;
			children = (
				B635718F1FE8C2CD00F26023 /* UIKit.framework */,
				B66CBE551FB3F2DB003ACC99 /* AVFoundation.framework */,
				B915E7FDB62851FC905732BF /* libPods-SkyerProject.a */,
			);
			name = Frameworks;
			sourceTree = "<group>";
		};
		F37808E267BB8AC9645B974F /* Pods */ = {
			isa = PBXGroup;
			children = (
				B07C3397670D92F3545B45F5 /* Pods-SkyerProject.debug.xcconfig */,
				7FE3DAB076923D3C6412195E /* Pods-SkyerProject.release.xcconfig */,
			);
			name = Pods;
			sourceTree = "<group>";
		};
/* End PBXGroup section */

/* Begin PBXNativeTarget section */
		B65D2D071FB2A52E002F6459 /* SkyerProject */ = {
			isa = PBXNativeTarget;
			buildConfigurationList = B65D2D1E1FB2A52F002F6459 /* Build configuration list for PBXNativeTarget "SkyerProject" */;
			buildPhases = (
				A5E15FC2CB64B65555B2FC38 /* [CP] Check Pods Manifest.lock */,
				B65D2D041FB2A52E002F6459 /* Sources */,
				B65D2D051FB2A52E002F6459 /* Frameworks */,
				B65D2D061FB2A52E002F6459 /* Resources */,
				C9FE398FBEAB0C5270D94E1F /* [CP] Embed Pods Frameworks */,
				978F0CB7EF3FAEDD3A6EA9B5 /* [CP] Copy Pods Resources */,
			);
			buildRules = (
			);
			dependencies = (
			);
			name = SkyerProject;
			productName = SkyerProject;
			productReference = B65D2D081FB2A52E002F6459 /* SkyerProject.app */;
			productType = "com.apple.product-type.application";
		};
/* End PBXNativeTarget section */

/* Begin PBXProject section */
		B65D2D001FB2A52E002F6459 /* Project object */ = {
			isa = PBXProject;
			attributes = {
				LastUpgradeCheck = 0910;
				ORGANIZATIONNAME = skyer;
				TargetAttributes = {
					B65D2D071FB2A52E002F6459 = {
						CreatedOnToolsVersion = 9.1;
						ProvisioningStyle = Automatic;
					};
				};
			};
			buildConfigurationList = B65D2D031FB2A52E002F6459 /* Build configuration list for PBXProject "SkyerProject" */;
			compatibilityVersion = "Xcode 8.0";
			developmentRegion = en;
			hasScannedForEncodings = 0;
			knownRegions = (
				en,
				Base,
			);
			mainGroup = B65D2CFF1FB2A52E002F6459;
			productRefGroup = B65D2D091FB2A52E002F6459 /* Products */;
			projectDirPath = "";
			projectRoot = "";
			targets = (
				B65D2D071FB2A52E002F6459 /* SkyerProject */,
			);
		};
/* End PBXProject section */

/* Begin PBXResourcesBuildPhase section */
		B65D2D061FB2A52E002F6459 /* Resources */ = {
			isa = PBXResourcesBuildPhase;
			buildActionMask = 2147483647;
			files = (
				B65D2D181FB2A52F002F6459 /* LaunchScreen.storyboard in Resources */,
				B65D2D151FB2A52F002F6459 /* Assets.xcassets in Resources */,
				B65D2D131FB2A52F002F6459 /* Main.storyboard in Resources */,
			);
			runOnlyForDeploymentPostprocessing = 0;
		};
/* End PBXResourcesBuildPhase section */

/* Begin PBXShellScriptBuildPhase section */
		978F0CB7EF3FAEDD3A6EA9B5 /* [CP] Copy Pods Resources */ = {
			isa = PBXShellScriptBuildPhase;
			buildActionMask = 2147483647;
			files = (
			);
			inputPaths = (
			);
			name = "[CP] Copy Pods Resources";
			outputPaths = (
			);
			runOnlyForDeploymentPostprocessing = 0;
			shellPath = /bin/sh;
			shellScript = "\"${SRCROOT}/Pods/Target Support Files/Pods-SkyerProject/Pods-SkyerProject-resources.sh\"\n";
			showEnvVarsInLog = 0;
		};
		A5E15FC2CB64B65555B2FC38 /* [CP] Check Pods Manifest.lock */ = {
			isa = PBXShellScriptBuildPhase;
			buildActionMask = 2147483647;
			files = (
			);
			inputPaths = (
				"${PODS_PODFILE_DIR_PATH}/Podfile.lock",
				"${PODS_ROOT}/Manifest.lock",
			);
			name = "[CP] Check Pods Manifest.lock";
			outputPaths = (
				"$(DERIVED_FILE_DIR)/Pods-SkyerProject-checkManifestLockResult.txt",
			);
			runOnlyForDeploymentPostprocessing = 0;
			shellPath = /bin/sh;
			shellScript = "diff \"${PODS_PODFILE_DIR_PATH}/Podfile.lock\" \"${PODS_ROOT}/Manifest.lock\" > /dev/null\nif [ $? != 0 ] ; then\n    # print error to STDERR\n    echo \"error: The sandbox is not in sync with the Podfile.lock. Run 'pod install' or update your CocoaPods installation.\" >&2\n    exit 1\nfi\n# This output is used by Xcode 'outputs' to avoid re-running this script phase.\necho \"SUCCESS\" > \"${SCRIPT_OUTPUT_FILE_0}\"\n";
			showEnvVarsInLog = 0;
		};
		C9FE398FBEAB0C5270D94E1F /* [CP] Embed Pods Frameworks */ = {
			isa = PBXShellScriptBuildPhase;
			buildActionMask = 2147483647;
			files = (
			);
			inputPaths = (
			);
			name = "[CP] Embed Pods Frameworks";
			outputPaths = (
			);
			runOnlyForDeploymentPostprocessing = 0;
			shellPath = /bin/sh;
			shellScript = "\"${SRCROOT}/Pods/Target Support Files/Pods-SkyerProject/Pods-SkyerProject-frameworks.sh\"\n";
			showEnvVarsInLog = 0;
		};
/* End PBXShellScriptBuildPhase section */

/* Begin PBXSourcesBuildPhase section */
		B65D2D041FB2A52E002F6459 /* Sources */ = {
			isa = PBXSourcesBuildPhase;
			buildActionMask = 2147483647;
			files = (
				B635718D1FE8C27200F26023 /* skClassMethod.m in Sources */,
				B63571841FE8B77700F26023 /* SkyerHUD.m in Sources */,
				B66CBE2F1FB3EC78003ACC99 /* VoiceTool.m in Sources */,
				B66CBE291FB3EC78003ACC99 /* NSObject+UserData.m in Sources */,
				B65D2D101FB2A52F002F6459 /* ViewController.m in Sources */,
				B635718E1FE8C27200F26023 /* UIView+skBoard.m in Sources */,
				B66CBE281FB3EC78003ACC99 /* dataTool.m in Sources */,
				B65D2D1B1FB2A52F002F6459 /* main.m in Sources */,
				B635718C1FE8C27200F26023 /* NSString+skStrWidth.m in Sources */,
				B66CBE2C1FB3EC78003ACC99 /* SkDataOperation.m in Sources */,
				B63571831FE8B77700F26023 /* SkToast.m in Sources */,
				B66CBE2B1FB3EC78003ACC99 /* UIButton+ClickBlock.m in Sources */,
				B66CBE2E1FB3EC78003ACC99 /* SkyerGetVisibleViewController.m in Sources */,
				B635719C1FE8C4AB00F26023 /* SkScollPageView.m in Sources */,
				B65D2D0D1FB2A52E002F6459 /* AppDelegate.m in Sources */,
			);
			runOnlyForDeploymentPostprocessing = 0;
		};
/* End PBXSourcesBuildPhase section */

/* Begin PBXVariantGroup section */
		B65D2D111FB2A52F002F6459 /* Main.storyboard */ = {
			isa = PBXVariantGroup;
			children = (
				B65D2D121FB2A52F002F6459 /* Base */,
			);
			name = Main.storyboard;
			sourceTree = "<group>";
		};
		B65D2D161FB2A52F002F6459 /* LaunchScreen.storyboard */ = {
			isa = PBXVariantGroup;
			children = (
				B65D2D171FB2A52F002F6459 /* Base */,
			);
			name = LaunchScreen.storyboard;
			sourceTree = "<group>";
		};
/* End PBXVariantGroup section */

/* Begin XCBuildConfiguration section */
		B65D2D1C1FB2A52F002F6459 /* Debug */ = {
			isa = XCBuildConfiguration;
			buildSettings = {
				ALWAYS_SEARCH_USER_PATHS = NO;
				CLANG_ANALYZER_NONNULL = YES;
				CLANG_ANALYZER_NUMBER_OBJECT_CONVERSION = YES_AGGRESSIVE;
				CLANG_CXX_LANGUAGE_STANDARD = "gnu++14";
				CLANG_CXX_LIBRARY = "libc++";
				CLANG_ENABLE_MODULES = YES;
				CLANG_ENABLE_OBJC_ARC = YES;
				CLANG_WARN_BLOCK_CAPTURE_AUTORELEASING = YES;
				CLANG_WARN_BOOL_CONVERSION = YES;
				CLANG_WARN_COMMA = YES;
				CLANG_WARN_CONSTANT_CONVERSION = YES;
				CLANG_WARN_DIRECT_OBJC_ISA_USAGE = YES_ERROR;
				CLANG_WARN_DOCUMENTATION_COMMENTS = YES;
				CLANG_WARN_EMPTY_BODY = YES;
				CLANG_WARN_ENUM_CONVERSION = YES;
				CLANG_WARN_INFINITE_RECURSION = YES;
				CLANG_WARN_INT_CONVERSION = YES;
				CLANG_WARN_NON_LITERAL_NULL_CONVERSION = YES;
				CLANG_WARN_OBJC_LITERAL_CONVERSION = YES;
				CLANG_WARN_OBJC_ROOT_CLASS = YES_ERROR;
				CLANG_WARN_RANGE_LOOP_ANALYSIS = YES;
				CLANG_WARN_STRICT_PROTOTYPES = YES;
				CLANG_WARN_SUSPICIOUS_MOVE = YES;
				CLANG_WARN_UNGUARDED_AVAILABILITY = YES_AGGRESSIVE;
				CLANG_WARN_UNREACHABLE_CODE = YES;
				CLANG_WARN__DUPLICATE_METHOD_MATCH = YES;
				CODE_SIGN_IDENTITY = "iPhone Developer";
				COPY_PHASE_STRIP = NO;
				DEBUG_INFORMATION_FORMAT = dwarf;
				ENABLE_STRICT_OBJC_MSGSEND = YES;
				ENABLE_TESTABILITY = YES;
				GCC_C_LANGUAGE_STANDARD = gnu11;
				GCC_DYNAMIC_NO_PIC = NO;
				GCC_NO_COMMON_BLOCKS = YES;
				GCC_OPTIMIZATION_LEVEL = 0;
				GCC_PREPROCESSOR_DEFINITIONS = (
					"DEBUG=1",
					"$(inherited)",
				);
				GCC_WARN_64_TO_32_BIT_CONVERSION = YES;
				GCC_WARN_ABOUT_RETURN_TYPE = YES_ERROR;
				GCC_WARN_UNDECLARED_SELECTOR = YES;
				GCC_WARN_UNINITIALIZED_AUTOS = YES_AGGRESSIVE;
				GCC_WARN_UNUSED_FUNCTION = YES;
				GCC_WARN_UNUSED_VARIABLE = YES;
				IPHONEOS_DEPLOYMENT_TARGET = 9.0;
				MTL_ENABLE_DEBUG_INFO = YES;
				ONLY_ACTIVE_ARCH = YES;
				SDKROOT = iphoneos;
			};
			name = Debug;
		};
		B65D2D1D1FB2A52F002F6459 /* Release */ = {
			isa = XCBuildConfiguration;
			buildSettings = {
				ALWAYS_SEARCH_USER_PATHS = NO;
				CLANG_ANALYZER_NONNULL = YES;
				CLANG_ANALYZER_NUMBER_OBJECT_CONVERSION = YES_AGGRESSIVE;
				CLANG_CXX_LANGUAGE_STANDARD = "gnu++14";
				CLANG_CXX_LIBRARY = "libc++";
				CLANG_ENABLE_MODULES = YES;
				CLANG_ENABLE_OBJC_ARC = YES;
				CLANG_WARN_BLOCK_CAPTURE_AUTORELEASING = YES;
				CLANG_WARN_BOOL_CONVERSION = YES;
				CLANG_WARN_COMMA = YES;
				CLANG_WARN_CONSTANT_CONVERSION = YES;
				CLANG_WARN_DIRECT_OBJC_ISA_USAGE = YES_ERROR;
				CLANG_WARN_DOCUMENTATION_COMMENTS = YES;
				CLANG_WARN_EMPTY_BODY = YES;
				CLANG_WARN_ENUM_CONVERSION = YES;
				CLANG_WARN_INFINITE_RECURSION = YES;
				CLANG_WARN_INT_CONVERSION = YES;
				CLANG_WARN_NON_LITERAL_NULL_CONVERSION = YES;
				CLANG_WARN_OBJC_LITERAL_CONVERSION = YES;
				CLANG_WARN_OBJC_ROOT_CLASS = YES_ERROR;
				CLANG_WARN_RANGE_LOOP_ANALYSIS = YES;
				CLANG_WARN_STRICT_PROTOTYPES = YES;
				CLANG_WARN_SUSPICIOUS_MOVE = YES;
				CLANG_WARN_UNGUARDED_AVAILABILITY = YES_AGGRESSIVE;
				CLANG_WARN_UNREACHABLE_CODE = YES;
				CLANG_WARN__DUPLICATE_METHOD_MATCH = YES;
				CODE_SIGN_IDENTITY = "iPhone Developer";
				COPY_PHASE_STRIP = NO;
				DEBUG_INFORMATION_FORMAT = "dwarf-with-dsym";
				ENABLE_NS_ASSERTIONS = NO;
				ENABLE_STRICT_OBJC_MSGSEND = YES;
				GCC_C_LANGUAGE_STANDARD = gnu11;
				GCC_NO_COMMON_BLOCKS = YES;
				GCC_WARN_64_TO_32_BIT_CONVERSION = YES;
				GCC_WARN_ABOUT_RETURN_TYPE = YES_ERROR;
				GCC_WARN_UNDECLARED_SELECTOR = YES;
				GCC_WARN_UNINITIALIZED_AUTOS = YES_AGGRESSIVE;
				GCC_WARN_UNUSED_FUNCTION = YES;
				GCC_WARN_UNUSED_VARIABLE = YES;
				IPHONEOS_DEPLOYMENT_TARGET = 9.0;
				MTL_ENABLE_DEBUG_INFO = NO;
				SDKROOT = iphoneos;
				VALIDATE_PRODUCT = YES;
			};
			name = Release;
		};
		B65D2D1F1FB2A52F002F6459 /* Debug */ = {
			isa = XCBuildConfiguration;
			baseConfigurationReference = B07C3397670D92F3545B45F5 /* Pods-SkyerProject.debug.xcconfig */;
			buildSettings = {
				ASSETCATALOG_COMPILER_APPICON_NAME = AppIcon;
				CODE_SIGN_STYLE = Automatic;
				DEVELOPMENT_TEAM = F474Y7ZN3P;
				INFOPLIST_FILE = SkyerProject/Info.plist;
				IPHONEOS_DEPLOYMENT_TARGET = 9.0;
				LD_RUNPATH_SEARCH_PATHS = "$(inherited) @executable_path/Frameworks";
				PRODUCT_BUNDLE_IDENTIFIER = com.castel.skyer.SkyerProject;
				PRODUCT_NAME = "$(TARGET_NAME)";
				TARGETED_DEVICE_FAMILY = "1,2";
			};
			name = Debug;
		};
		B65D2D201FB2A52F002F6459 /* Release */ = {
			isa = XCBuildConfiguration;
			baseConfigurationReference = 7FE3DAB076923D3C6412195E /* Pods-SkyerProject.release.xcconfig */;
			buildSettings = {
				ASSETCATALOG_COMPILER_APPICON_NAME = AppIcon;
				CODE_SIGN_STYLE = Automatic;
				DEVELOPMENT_TEAM = F474Y7ZN3P;
				INFOPLIST_FILE = SkyerProject/Info.plist;
				IPHONEOS_DEPLOYMENT_TARGET = 9.0;
				LD_RUNPATH_SEARCH_PATHS = "$(inherited) @executable_path/Frameworks";
				PRODUCT_BUNDLE_IDENTIFIER = com.castel.skyer.SkyerProject;
				PRODUCT_NAME = "$(TARGET_NAME)";
				TARGETED_DEVICE_FAMILY = "1,2";
			};
			name = Release;
		};
/* End XCBuildConfiguration section */

/* Begin XCConfigurationList section */
		B65D2D031FB2A52E002F6459 /* Build configuration list for PBXProject "SkyerProject" */ = {
			isa = XCConfigurationList;
			buildConfigurations = (
				B65D2D1C1FB2A52F002F6459 /* Debug */,
				B65D2D1D1FB2A52F002F6459 /* Release */,
			);
			defaultConfigurationIsVisible = 0;
			defaultConfigurationName = Release;
		};
		B65D2D1E1FB2A52F002F6459 /* Build configuration list for PBXNativeTarget "SkyerProject" */ = {
			isa = XCConfigurationList;
			buildConfigurations = (
				B65D2D1F1FB2A52F002F6459 /* Debug */,
				B65D2D201FB2A52F002F6459 /* Release */,
			);
			defaultConfigurationIsVisible = 0;
			defaultConfigurationName = Release;
		};
/* End XCConfigurationList section */
	};
	rootObject = B65D2D001FB2A52E002F6459 /* Project object */;
}
